// !$*UTF8*$!
{
	archiveVersion = 1;
	classes = {
	};
	objectVersion = 56;
	objects = {

/* Begin PBXBuildFile section */
		F732463B2A968D3200FAC683 /* pipApp.swift in Sources */ = {isa = PBXBuildFile; fileRef = F732463A2A968D3200FAC683 /* pipApp.swift */; };
		F732463D2A968D3200FAC683 /* pipDocument.swift in Sources */ = {isa = PBXBuildFile; fileRef = F732463C2A968D3200FAC683 /* pipDocument.swift */; };
		F732463F2A968D3200FAC683 /* ContentView.swift in Sources */ = {isa = PBXBuildFile; fileRef = F732463E2A968D3200FAC683 /* ContentView.swift */; };
		F73246412A968D3300FAC683 /* Assets.xcassets in Resources */ = {isa = PBXBuildFile; fileRef = F73246402A968D3300FAC683 /* Assets.xcassets */; };
		F73246462A968D3300FAC683 /* Preview Assets.xcassets in Resources */ = {isa = PBXBuildFile; fileRef = F73246452A968D3300FAC683 /* Preview Assets.xcassets */; };
		F73246502A968D3300FAC683 /* pipTests.swift in Sources */ = {isa = PBXBuildFile; fileRef = F732464F2A968D3300FAC683 /* pipTests.swift */; };
		F732465A2A968D3300FAC683 /* pipUITests.swift in Sources */ = {isa = PBXBuildFile; fileRef = F73246592A968D3300FAC683 /* pipUITests.swift */; };
		F732465C2A968D3300FAC683 /* pipUITestsLaunchTests.swift in Sources */ = {isa = PBXBuildFile; fileRef = F732465B2A968D3300FAC683 /* pipUITestsLaunchTests.swift */; };
/* End PBXBuildFile section */

/* Begin PBXContainerItemProxy section */
		F732464C2A968D3300FAC683 /* PBXContainerItemProxy */ = {
			isa = PBXContainerItemProxy;
			containerPortal = F732462F2A968D3200FAC683 /* Project object */;
			proxyType = 1;
			remoteGlobalIDString = F73246362A968D3200FAC683;
			remoteInfo = pip;
		};
		F73246562A968D3300FAC683 /* PBXContainerItemProxy */ = {
			isa = PBXContainerItemProxy;
			containerPortal = F732462F2A968D3200FAC683 /* Project object */;
			proxyType = 1;
			remoteGlobalIDString = F73246362A968D3200FAC683;
			remoteInfo = pip;
		};
/* End PBXContainerItemProxy section */

/* Begin PBXFileReference section */
		F73246372A968D3200FAC683 /* pip.app */ = {isa = PBXFileReference; explicitFileType = wrapper.application; includeInIndex = 0; path = pip.app; sourceTree = BUILT_PRODUCTS_DIR; };
		F732463A2A968D3200FAC683 /* pipApp.swift */ = {isa = PBXFileReference; lastKnownFileType = sourcecode.swift; path = pipApp.swift; sourceTree = "<group>"; };
		F732463C2A968D3200FAC683 /* pipDocument.swift */ = {isa = PBXFileReference; lastKnownFileType = sourcecode.swift; path = pipDocument.swift; sourceTree = "<group>"; };
		F732463E2A968D3200FAC683 /* ContentView.swift */ = {isa = PBXFileReference; lastKnownFileType = sourcecode.swift; path = ContentView.swift; sourceTree = "<group>"; };
		F73246402A968D3300FAC683 /* Assets.xcassets */ = {isa = PBXFileReference; lastKnownFileType = folder.assetcatalog; path = Assets.xcassets; sourceTree = "<group>"; };
		F73246422A968D3300FAC683 /* Info.plist */ = {isa = PBXFileReference; lastKnownFileType = text.plist.xml; path = Info.plist; sourceTree = "<group>"; };
		F73246432A968D3300FAC683 /* pip.entitlements */ = {isa = PBXFileReference; lastKnownFileType = text.plist.entitlements; path = pip.entitlements; sourceTree = "<group>"; };
		F73246452A968D3300FAC683 /* Preview Assets.xcassets */ = {isa = PBXFileReference; lastKnownFileType = folder.assetcatalog; path = "Preview Assets.xcassets"; sourceTree = "<group>"; };
		F732464B2A968D3300FAC683 /* pipTests.xctest */ = {isa = PBXFileReference; explicitFileType = wrapper.cfbundle; includeInIndex = 0; path = pipTests.xctest; sourceTree = BUILT_PRODUCTS_DIR; };
		F732464F2A968D3300FAC683 /* pipTests.swift */ = {isa = PBXFileReference; lastKnownFileType = sourcecode.swift; path = pipTests.swift; sourceTree = "<group>"; };
		F73246552A968D3300FAC683 /* pipUITests.xctest */ = {isa = PBXFileReference; explicitFileType = wrapper.cfbundle; includeInIndex = 0; path = pipUITests.xctest; sourceTree = BUILT_PRODUCTS_DIR; };
		F73246592A968D3300FAC683 /* pipUITests.swift */ = {isa = PBXFileReference; lastKnownFileType = sourcecode.swift; path = pipUITests.swift; sourceTree = "<group>"; };
		F732465B2A968D3300FAC683 /* pipUITestsLaunchTests.swift */ = {isa = PBXFileReference; lastKnownFileType = sourcecode.swift; path = pipUITestsLaunchTests.swift; sourceTree = "<group>"; };
/* End PBXFileReference section */

/* Begin PBXFrameworksBuildPhase section */
		F73246342A968D3200FAC683 /* Frameworks */ = {
			isa = PBXFrameworksBuildPhase;
			buildActionMask = 2147483647;
			files = (
			);
			runOnlyForDeploymentPostprocessing = 0;
		};
		F73246482A968D3300FAC683 /* Frameworks */ = {
			isa = PBXFrameworksBuildPhase;
			buildActionMask = 2147483647;
			files = (
			);
			runOnlyForDeploymentPostprocessing = 0;
		};
		F73246522A968D3300FAC683 /* Frameworks */ = {
			isa = PBXFrameworksBuildPhase;
			buildActionMask = 2147483647;
			files = (
			);
			runOnlyForDeploymentPostprocessing = 0;
		};
/* End PBXFrameworksBuildPhase section */

/* Begin PBXGroup section */
		F732462E2A968D3200FAC683 = {
			isa = PBXGroup;
			children = (
				F73246392A968D3200FAC683 /* pip */,
				F732464E2A968D3300FAC683 /* pipTests */,
				F73246582A968D3300FAC683 /* pipUITests */,
				F73246382A968D3200FAC683 /* Products */,
			);
			sourceTree = "<group>";
		};
		F73246382A968D3200FAC683 /* Products */ = {
			isa = PBXGroup;
			children = (
				F73246372A968D3200FAC683 /* pip.app */,
				F732464B2A968D3300FAC683 /* pipTests.xctest */,
				F73246552A968D3300FAC683 /* pipUITests.xctest */,
			);
			name = Products;
			sourceTree = "<group>";
		};
		F73246392A968D3200FAC683 /* pip */ = {
			isa = PBXGroup;
			children = (
				F732463A2A968D3200FAC683 /* pipApp.swift */,
				F732463C2A968D3200FAC683 /* pipDocument.swift */,
				F732463E2A968D3200FAC683 /* ContentView.swift */,
				F73246402A968D3300FAC683 /* Assets.xcassets */,
				F73246422A968D3300FAC683 /* Info.plist */,
				F73246432A968D3300FAC683 /* pip.entitlements */,
				F73246442A968D3300FAC683 /* Preview Content */,
			);
			path = pip;
			sourceTree = "<group>";
		};
		F73246442A968D3300FAC683 /* Preview Content */ = {
			isa = PBXGroup;
			children = (
				F73246452A968D3300FAC683 /* Preview Assets.xcassets */,
			);
			path = "Preview Content";
			sourceTree = "<group>";
		};
		F732464E2A968D3300FAC683 /* pipTests */ = {
			isa = PBXGroup;
			children = (
				F732464F2A968D3300FAC683 /* pipTests.swift */,
			);
			path = pipTests;
			sourceTree = "<group>";
		};
		F73246582A968D3300FAC683 /* pipUITests */ = {
			isa = PBXGroup;
			children = (
				F73246592A968D3300FAC683 /* pipUITests.swift */,
				F732465B2A968D3300FAC683 /* pipUITestsLaunchTests.swift */,
			);
			path = pipUITests;
			sourceTree = "<group>";
		};
/* End PBXGroup section */

/* Begin PBXNativeTarget section */
		F73246362A968D3200FAC683 /* pip */ = {
			isa = PBXNativeTarget;
			buildConfigurationList = F732465F2A968D3300FAC683 /* Build configuration list for PBXNativeTarget "pip" */;
			buildPhases = (
				F73246332A968D3200FAC683 /* Sources */,
				F73246342A968D3200FAC683 /* Frameworks */,
				F73246352A968D3200FAC683 /* Resources */,
			);
			buildRules = (
			);
			dependencies = (
			);
			name = pip;
			productName = pip;
			productReference = F73246372A968D3200FAC683 /* pip.app */;
			productType = "com.apple.product-type.application";
		};
		F732464A2A968D3300FAC683 /* pipTests */ = {
			isa = PBXNativeTarget;
			buildConfigurationList = F73246622A968D3300FAC683 /* Build configuration list for PBXNativeTarget "pipTests" */;
			buildPhases = (
				F73246472A968D3300FAC683 /* Sources */,
				F73246482A968D3300FAC683 /* Frameworks */,
				F73246492A968D3300FAC683 /* Resources */,
			);
			buildRules = (
			);
			dependencies = (
				F732464D2A968D3300FAC683 /* PBXTargetDependency */,
			);
			name = pipTests;
			productName = pipTests;
			productReference = F732464B2A968D3300FAC683 /* pipTests.xctest */;
			productType = "com.apple.product-type.bundle.unit-test";
		};
		F73246542A968D3300FAC683 /* pipUITests */ = {
			isa = PBXNativeTarget;
			buildConfigurationList = F73246652A968D3300FAC683 /* Build configuration list for PBXNativeTarget "pipUITests" */;
			buildPhases = (
				F73246512A968D3300FAC683 /* Sources */,
				F73246522A968D3300FAC683 /* Frameworks */,
				F73246532A968D3300FAC683 /* Resources */,
			);
			buildRules = (
			);
			dependencies = (
				F73246572A968D3300FAC683 /* PBXTargetDependency */,
			);
			name = pipUITests;
			productName = pipUITests;
			productReference = F73246552A968D3300FAC683 /* pipUITests.xctest */;
			productType = "com.apple.product-type.bundle.ui-testing";
		};
/* End PBXNativeTarget section */

/* Begin PBXProject section */
		F732462F2A968D3200FAC683 /* Project object */ = {
			isa = PBXProject;
			attributes = {
				BuildIndependentTargetsInParallel = 1;
				LastSwiftUpdateCheck = 1430;
				LastUpgradeCheck = 1430;
				TargetAttributes = {
					F73246362A968D3200FAC683 = {
						CreatedOnToolsVersion = 14.3.1;
					};
					F732464A2A968D3300FAC683 = {
						CreatedOnToolsVersion = 14.3.1;
						TestTargetID = F73246362A968D3200FAC683;
					};
					F73246542A968D3300FAC683 = {
						CreatedOnToolsVersion = 14.3.1;
						TestTargetID = F73246362A968D3200FAC683;
					};
				};
			};
			buildConfigurationList = F73246322A968D3200FAC683 /* Build configuration list for PBXProject "pip" */;
			compatibilityVersion = "Xcode 14.0";
			developmentRegion = en;
			hasScannedForEncodings = 0;
			knownRegions = (
				en,
				Base,
			);
			mainGroup = F732462E2A968D3200FAC683;
			productRefGroup = F73246382A968D3200FAC683 /* Products */;
			projectDirPath = "";
			projectRoot = "";
			targets = (
				F73246362A968D3200FAC683 /* pip */,
				F732464A2A968D3300FAC683 /* pipTests */,
				F73246542A968D3300FAC683 /* pipUITests */,
			);
		};
/* End PBXProject section */

/* Begin PBXResourcesBuildPhase section */
		F73246352A968D3200FAC683 /* Resources */ = {
			isa = PBXResourcesBuildPhase;
			buildActionMask = 2147483647;
			files = (
				F73246462A968D3300FAC683 /* Preview Assets.xcassets in Resources */,
				F73246412A968D3300FAC683 /* Assets.xcassets in Resources */,
			);
			runOnlyForDeploymentPostprocessing = 0;
		};
		F73246492A968D3300FAC683 /* Resources */ = {
			isa = PBXResourcesBuildPhase;
			buildActionMask = 2147483647;
			files = (
			);
			runOnlyForDeploymentPostprocessing = 0;
		};
		F73246532A968D3300FAC683 /* Resources */ = {
			isa = PBXResourcesBuildPhase;
			buildActionMask = 2147483647;
			files = (
			);
			runOnlyForDeploymentPostprocessing = 0;
		};
/* End PBXResourcesBuildPhase section */

/* Begin PBXSourcesBuildPhase section */
		F73246332A968D3200FAC683 /* Sources */ = {
			isa = PBXSourcesBuildPhase;
			buildActionMask = 2147483647;
			files = (
				F732463D2A968D3200FAC683 /* pipDocument.swift in Sources */,
				F732463B2A968D3200FAC683 /* pipApp.swift in Sources */,
				F732463F2A968D3200FAC683 /* ContentView.swift in Sources */,
			);
			runOnlyForDeploymentPostprocessing = 0;
		};
		F73246472A968D3300FAC683 /* Sources */ = {
			isa = PBXSourcesBuildPhase;
			buildActionMask = 2147483647;
			files = (
				F73246502A968D3300FAC683 /* pipTests.swift in Sources */,
			);
			runOnlyForDeploymentPostprocessing = 0;
		};
		F73246512A968D3300FAC683 /* Sources */ = {
			isa = PBXSourcesBuildPhase;
			buildActionMask = 2147483647;
			files = (
				F732465C2A968D3300FAC683 /* pipUITestsLaunchTests.swift in Sources */,
				F732465A2A968D3300FAC683 /* pipUITests.swift in Sources */,
			);
			runOnlyForDeploymentPostprocessing = 0;
		};
/* End PBXSourcesBuildPhase section */

/* Begin PBXTargetDependency section */
		F732464D2A968D3300FAC683 /* PBXTargetDependency */ = {
			isa = PBXTargetDependency;
			target = F73246362A968D3200FAC683 /* pip */;
			targetProxy = F732464C2A968D3300FAC683 /* PBXContainerItemProxy */;
		};
		F73246572A968D3300FAC683 /* PBXTargetDependency */ = {
			isa = PBXTargetDependency;
			target = F73246362A968D3200FAC683 /* pip */;
			targetProxy = F73246562A968D3300FAC683 /* PBXContainerItemProxy */;
		};
/* End PBXTargetDependency section */

/* Begin XCBuildConfiguration section */
		F732465D2A968D3300FAC683 /* Debug */ = {
			isa = XCBuildConfiguration;
			buildSettings = {
				ALWAYS_SEARCH_USER_PATHS = NO;
				CLANG_ANALYZER_NONNULL = YES;
				CLANG_ANALYZER_NUMBER_OBJECT_CONVERSION = YES_AGGRESSIVE;
				CLANG_CXX_LANGUAGE_STANDARD = "gnu++20";
				CLANG_ENABLE_MODULES = YES;
				CLANG_ENABLE_OBJC_ARC = YES;
				CLANG_ENABLE_OBJC_WEAK = YES;
				CLANG_WARN_BLOCK_CAPTURE_AUTORELEASING = YES;
				CLANG_WARN_BOOL_CONVERSION = YES;
				CLANG_WARN_COMMA = YES;
				CLANG_WARN_CONSTANT_CONVERSION = YES;
				CLANG_WARN_DEPRECATED_OBJC_IMPLEMENTATIONS = YES;
				CLANG_WARN_DIRECT_OBJC_ISA_USAGE = YES_ERROR;
				CLANG_WARN_DOCUMENTATION_COMMENTS = YES;
				CLANG_WARN_EMPTY_BODY = YES;
				CLANG_WARN_ENUM_CONVERSION = YES;
				CLANG_WARN_INFINITE_RECURSION = YES;
				CLANG_WARN_INT_CONVERSION = YES;
				CLANG_WARN_NON_LITERAL_NULL_CONVERSION = YES;
				CLANG_WARN_OBJC_IMPLICIT_RETAIN_SELF = YES;
				CLANG_WARN_OBJC_LITERAL_CONVERSION = YES;
				CLANG_WARN_OBJC_ROOT_CLASS = YES_ERROR;
				CLANG_WARN_QUOTED_INCLUDE_IN_FRAMEWORK_HEADER = YES;
				CLANG_WARN_RANGE_LOOP_ANALYSIS = YES;
				CLANG_WARN_STRICT_PROTOTYPES = YES;
				CLANG_WARN_SUSPICIOUS_MOVE = YES;
				CLANG_WARN_UNGUARDED_AVAILABILITY = YES_AGGRESSIVE;
				CLANG_WARN_UNREACHABLE_CODE = YES;
				CLANG_WARN__DUPLICATE_METHOD_MATCH = YES;
				COPY_PHASE_STRIP = NO;
				DEBUG_INFORMATION_FORMAT = dwarf;
				ENABLE_STRICT_OBJC_MSGSEND = YES;
				ENABLE_TESTABILITY = YES;
				GCC_C_LANGUAGE_STANDARD = gnu11;
				GCC_DYNAMIC_NO_PIC = NO;
				GCC_NO_COMMON_BLOCKS = YES;
				GCC_OPTIMIZATION_LEVEL = 0;
				GCC_PREPROCESSOR_DEFINITIONS = (
					"DEBUG=1",
					"$(inherited)",
				);
				GCC_WARN_64_TO_32_BIT_CONVERSION = YES;
				GCC_WARN_ABOUT_RETURN_TYPE = YES_ERROR;
				GCC_WARN_UNDECLARED_SELECTOR = YES;
				GCC_WARN_UNINITIALIZED_AUTOS = YES_AGGRESSIVE;
				GCC_WARN_UNUSED_FUNCTION = YES;
				GCC_WARN_UNUSED_VARIABLE = YES;
				MTL_ENABLE_DEBUG_INFO = INCLUDE_SOURCE;
				MTL_FAST_MATH = YES;
				ONLY_ACTIVE_ARCH = YES;
				SWIFT_ACTIVE_COMPILATION_CONDITIONS = DEBUG;
				SWIFT_OPTIMIZATION_LEVEL = "-Onone";
			};
			name = Debug;
		};
		F732465E2A968D3300FAC683 /* Release */ = {
			isa = XCBuildConfiguration;
			buildSettings = {
				ALWAYS_SEARCH_USER_PATHS = NO;
				CLANG_ANALYZER_NONNULL = YES;
				CLANG_ANALYZER_NUMBER_OBJECT_CONVERSION = YES_AGGRESSIVE;
				CLANG_CXX_LANGUAGE_STANDARD = "gnu++20";
				CLANG_ENABLE_MODULES = YES;
				CLANG_ENABLE_OBJC_ARC = YES;
				CLANG_ENABLE_OBJC_WEAK = YES;
				CLANG_WARN_BLOCK_CAPTURE_AUTORELEASING = YES;
				CLANG_WARN_BOOL_CONVERSION = YES;
				CLANG_WARN_COMMA = YES;
				CLANG_WARN_CONSTANT_CONVERSION = YES;
				CLANG_WARN_DEPRECATED_OBJC_IMPLEMENTATIONS = YES;
				CLANG_WARN_DIRECT_OBJC_ISA_USAGE = YES_ERROR;
				CLANG_WARN_DOCUMENTATION_COMMENTS = YES;
				CLANG_WARN_EMPTY_BODY = YES;
				CLANG_WARN_ENUM_CONVERSION = YES;
				CLANG_WARN_INFINITE_RECURSION = YES;
				CLANG_WARN_INT_CONVERSION = YES;
				CLANG_WARN_NON_LITERAL_NULL_CONVERSION = YES;
				CLANG_WARN_OBJC_IMPLICIT_RETAIN_SELF = YES;
				CLANG_WARN_OBJC_LITERAL_CONVERSION = YES;
				CLANG_WARN_OBJC_ROOT_CLASS = YES_ERROR;
				CLANG_WARN_QUOTED_INCLUDE_IN_FRAMEWORK_HEADER = YES;
				CLANG_WARN_RANGE_LOOP_ANALYSIS = YES;
				CLANG_WARN_STRICT_PROTOTYPES = YES;
				CLANG_WARN_SUSPICIOUS_MOVE = YES;
				CLANG_WARN_UNGUARDED_AVAILABILITY = YES_AGGRESSIVE;
				CLANG_WARN_UNREACHABLE_CODE = YES;
				CLANG_WARN__DUPLICATE_METHOD_MATCH = YES;
				COPY_PHASE_STRIP = NO;
				DEBUG_INFORMATION_FORMAT = "dwarf-with-dsym";
				ENABLE_NS_ASSERTIONS = NO;
				ENABLE_STRICT_OBJC_MSGSEND = YES;
				GCC_C_LANGUAGE_STANDARD = gnu11;
				GCC_NO_COMMON_BLOCKS = YES;
				GCC_WARN_64_TO_32_BIT_CONVERSION = YES;
				GCC_WARN_ABOUT_RETURN_TYPE = YES_ERROR;
				GCC_WARN_UNDECLARED_SELECTOR = YES;
				GCC_WARN_UNINITIALIZED_AUTOS = YES_AGGRESSIVE;
				GCC_WARN_UNUSED_FUNCTION = YES;
				GCC_WARN_UNUSED_VARIABLE = YES;
				MTL_ENABLE_DEBUG_INFO = NO;
				MTL_FAST_MATH = YES;
				SWIFT_COMPILATION_MODE = wholemodule;
				SWIFT_OPTIMIZATION_LEVEL = "-O";
			};
			name = Release;
		};
		F73246602A968D3300FAC683 /* Debug */ = {
			isa = XCBuildConfiguration;
			buildSettings = {
				ASSETCATALOG_COMPILER_APPICON_NAME = AppIcon;
				ASSETCATALOG_COMPILER_GLOBAL_ACCENT_COLOR_NAME = AccentColor;
				CODE_SIGN_ENTITLEMENTS = pip/pip.entitlements;
				CODE_SIGN_STYLE = Automatic;
				CURRENT_PROJECT_VERSION = 1;
				DEVELOPMENT_ASSET_PATHS = "\"pip/Preview Content\"";
				ENABLE_PREVIEWS = YES;
				GENERATE_INFOPLIST_FILE = YES;
				INFOPLIST_FILE = pip/Info.plist;
				"INFOPLIST_KEY_UIApplicationSceneManifest_Generation[sdk=iphoneos*]" = YES;
				"INFOPLIST_KEY_UIApplicationSceneManifest_Generation[sdk=iphonesimulator*]" = YES;
				"INFOPLIST_KEY_UIApplicationSupportsIndirectInputEvents[sdk=iphoneos*]" = YES;
				"INFOPLIST_KEY_UIApplicationSupportsIndirectInputEvents[sdk=iphonesimulator*]" = YES;
				"INFOPLIST_KEY_UILaunchScreen_Generation[sdk=iphoneos*]" = YES;
				"INFOPLIST_KEY_UILaunchScreen_Generation[sdk=iphonesimulator*]" = YES;
				"INFOPLIST_KEY_UIStatusBarStyle[sdk=iphoneos*]" = UIStatusBarStyleDefault;
				"INFOPLIST_KEY_UIStatusBarStyle[sdk=iphonesimulator*]" = UIStatusBarStyleDefault;
				INFOPLIST_KEY_UISupportedInterfaceOrientations_iPad = "UIInterfaceOrientationPortrait UIInterfaceOrientationPortraitUpsideDown UIInterfaceOrientationLandscapeLeft UIInterfaceOrientationLandscapeRight";
				INFOPLIST_KEY_UISupportedInterfaceOrientations_iPhone = "UIInterfaceOrientationPortrait UIInterfaceOrientationLandscapeLeft UIInterfaceOrientationLandscapeRight";
				"INFOPLIST_KEY_UISupportsDocumentBrowser[sdk=iphoneos*]" = YES;
				"INFOPLIST_KEY_UISupportsDocumentBrowser[sdk=iphonesimulator*]" = YES;
				IPHONEOS_DEPLOYMENT_TARGET = 16.4;
				LD_RUNPATH_SEARCH_PATHS = "@executable_path/Frameworks";
				"LD_RUNPATH_SEARCH_PATHS[sdk=macosx*]" = "@executable_path/../Frameworks";
				MACOSX_DEPLOYMENT_TARGET = 13.3;
				MARKETING_VERSION = 1.0;
				PRODUCT_BUNDLE_IDENTIFIER = "Quantum-software-Develpment.pip";
				PRODUCT_NAME = "$(TARGET_NAME)";
				SDKROOT = auto;
				SUPPORTED_PLATFORMS = "iphoneos iphonesimulator macosx";
				SWIFT_EMIT_LOC_STRINGS = YES;
				SWIFT_VERSION = 5.0;
				TARGETED_DEVICE_FAMILY = "1,2";
			};
			name = Debug;
		};
		F73246612A968D3300FAC683 /* Release */ = {
			isa = XCBuildConfiguration;
			buildSettings = {
				ASSETCATALOG_COMPILER_APPICON_NAME = AppIcon;
				ASSETCATALOG_COMPILER_GLOBAL_ACCENT_COLOR_NAME = AccentColor;
				CODE_SIGN_ENTITLEMENTS = pip/pip.entitlements;
				CODE_SIGN_STYLE = Automatic;
				CURRENT_PROJECT_VERSION = 1;
				DEVELOPMENT_ASSET_PATHS = "\"pip/Preview Content\"";
				ENABLE_PREVIEWS = YES;
				GENERATE_INFOPLIST_FILE = YES;
				INFOPLIST_FILE = pip/Info.plist;
				"INFOPLIST_KEY_UIApplicationSceneManifest_Generation[sdk=iphoneos*]" = YES;
				"INFOPLIST_KEY_UIApplicationSceneManifest_Generation[sdk=iphonesimulator*]" = YES;
				"INFOPLIST_KEY_UIApplicationSupportsIndirectInputEvents[sdk=iphoneos*]" = YES;
				"INFOPLIST_KEY_UIApplicationSupportsIndirectInputEvents[sdk=iphonesimulator*]" = YES;
				"INFOPLIST_KEY_UILaunchScreen_Generation[sdk=iphoneos*]" = YES;
				"INFOPLIST_KEY_UILaunchScreen_Generation[sdk=iphonesimulator*]" = YES;
				"INFOPLIST_KEY_UIStatusBarStyle[sdk=iphoneos*]" = UIStatusBarStyleDefault;
				"INFOPLIST_KEY_UIStatusBarStyle[sdk=iphonesimulator*]" = UIStatusBarStyleDefault;
				INFOPLIST_KEY_UISupportedInterfaceOrientations_iPad = "UIInterfaceOrientationPortrait UIInterfaceOrientationPortraitUpsideDown UIInterfaceOrientationLandscapeLeft UIInterfaceOrientationLandscapeRight";
				INFOPLIST_KEY_UISupportedInterfaceOrientations_iPhone = "UIInterfaceOrientationPortrait UIInterfaceOrientationLandscapeLeft UIInterfaceOrientationLandscapeRight";
				"INFOPLIST_KEY_UISupportsDocumentBrowser[sdk=iphoneos*]" = YES;
				"INFOPLIST_KEY_UISupportsDocumentBrowser[sdk=iphonesimulator*]" = YES;
				IPHONEOS_DEPLOYMENT_TARGET = 16.4;
				LD_RUNPATH_SEARCH_PATHS = "@executable_path/Frameworks";
				"LD_RUNPATH_SEARCH_PATHS[sdk=macosx*]" = "@executable_path/../Frameworks";
				MACOSX_DEPLOYMENT_TARGET = 13.3;
				MARKETING_VERSION = 1.0;
				PRODUCT_BUNDLE_IDENTIFIER = "Quantum-software-Develpment.pip";
				PRODUCT_NAME = "$(TARGET_NAME)";
				SDKROOT = auto;
				SUPPORTED_PLATFORMS = "iphoneos iphonesimulator macosx";
				SWIFT_EMIT_LOC_STRINGS = YES;
				SWIFT_VERSION = 5.0;
				TARGETED_DEVICE_FAMILY = "1,2";
			};
			name = Release;
		};
		F73246632A968D3300FAC683 /* Debug */ = {
			isa = XCBuildConfiguration;
			buildSettings = {
				ALWAYS_EMBED_SWIFT_STANDARD_LIBRARIES = YES;
				BUNDLE_LOADER = "$(TEST_HOST)";
				CODE_SIGN_STYLE = Automatic;
				CURRENT_PROJECT_VERSION = 1;
				GENERATE_INFOPLIST_FILE = YES;
				IPHONEOS_DEPLOYMENT_TARGET = 16.4;
				MACOSX_DEPLOYMENT_TARGET = 13.3;
				MARKETING_VERSION = 1.0;
				PRODUCT_BUNDLE_IDENTIFIER = "Quantum-software-Develpment.pipTests";
				PRODUCT_NAME = "$(TARGET_NAME)";
				SDKROOT = auto;
				SUPPORTED_PLATFORMS = "iphoneos iphonesimulator macosx";
				SWIFT_EMIT_LOC_STRINGS = NO;
				SWIFT_VERSION = 5.0;
				TARGETED_DEVICE_FAMILY = "1,2";
				TEST_HOST = "$(BUILT_PRODUCTS_DIR)/pip.app/$(BUNDLE_EXECUTABLE_FOLDER_PATH)/pip";
			};
			name = Debug;
		};
		F73246642A968D3300FAC683 /* Release */ = {
			isa = XCBuildConfiguration;
			buildSettings = {
				ALWAYS_EMBED_SWIFT_STANDARD_LIBRARIES = YES;
				BUNDLE_LOADER = "$(TEST_HOST)";
				CODE_SIGN_STYLE = Automatic;
				CURRENT_PROJECT_VERSION = 1;
				GENERATE_INFOPLIST_FILE = YES;
				IPHONEOS_DEPLOYMENT_TARGET = 16.4;
				MACOSX_DEPLOYMENT_TARGET = 13.3;
				MARKETING_VERSION = 1.0;
				PRODUCT_BUNDLE_IDENTIFIER = "Quantum-software-Develpment.pipTests";
				PRODUCT_NAME = "$(TARGET_NAME)";
				SDKROOT = auto;
				SUPPORTED_PLATFORMS = "iphoneos iphonesimulator macosx";
				SWIFT_EMIT_LOC_STRINGS = NO;
				SWIFT_VERSION = 5.0;
				TARGETED_DEVICE_FAMILY = "1,2";
				TEST_HOST = "$(BUILT_PRODUCTS_DIR)/pip.app/$(BUNDLE_EXECUTABLE_FOLDER_PATH)/pip";
			};
			name = Release;
		};
		F73246662A968D3300FAC683 /* Debug */ = {
			isa = XCBuildConfiguration;
			buildSettings = {
				ALWAYS_EMBED_SWIFT_STANDARD_LIBRARIES = YES;
				CODE_SIGN_STYLE = Automatic;
				CURRENT_PROJECT_VERSION = 1;
				GENERATE_INFOPLIST_FILE = YES;
				IPHONEOS_DEPLOYMENT_TARGET = 16.4;
				MACOSX_DEPLOYMENT_TARGET = 13.3;
				MARKETING_VERSION = 1.0;
				PRODUCT_BUNDLE_IDENTIFIER = "Quantum-software-Develpment.pipUITests";
				PRODUCT_NAME = "$(TARGET_NAME)";
				SDKROOT = auto;
				SUPPORTED_PLATFORMS = "iphoneos iphonesimulator macosx";
				SWIFT_EMIT_LOC_STRINGS = NO;
				SWIFT_VERSION = 5.0;
				TARGETED_DEVICE_FAMILY = "1,2";
				TEST_TARGET_NAME = pip;
			};
			name = Debug;
		};
		F73246672A968D3300FAC683 /* Release */ = {
			isa = XCBuildConfiguration;
			buildSettings = {
				ALWAYS_EMBED_SWIFT_STANDARD_LIBRARIES = YES;
				CODE_SIGN_STYLE = Automatic;
				CURRENT_PROJECT_VERSION = 1;
				GENERATE_INFOPLIST_FILE = YES;
				IPHONEOS_DEPLOYMENT_TARGET = 16.4;
				MACOSX_DEPLOYMENT_TARGET = 13.3;
				MARKETING_VERSION = 1.0;
				PRODUCT_BUNDLE_IDENTIFIER = "Quantum-software-Develpment.pipUITests";
				PRODUCT_NAME = "$(TARGET_NAME)";
				SDKROOT = auto;
				SUPPORTED_PLATFORMS = "iphoneos iphonesimulator macosx";
				SWIFT_EMIT_LOC_STRINGS = NO;
				SWIFT_VERSION = 5.0;
				TARGETED_DEVICE_FAMILY = "1,2";
				TEST_TARGET_NAME = pip;
			};
			name = Release;
		};
/* End XCBuildConfiguration section */

/* Begin XCConfigurationList section */
		F73246322A968D3200FAC683 /* Build configuration list for PBXProject "pip" */ = {
			isa = XCConfigurationList;
			buildConfigurations = (
				F732465D2A968D3300FAC683 /* Debug */,
				F732465E2A968D3300FAC683 /* Release */,
			);
			defaultConfigurationIsVisible = 0;
			defaultConfigurationName = Release;
		};
		F732465F2A968D3300FAC683 /* Build configuration list for PBXNativeTarget "pip" */ = {
			isa = XCConfigurationList;
			buildConfigurations = (
				F73246602A968D3300FAC683 /* Debug */,
				F73246612A968D3300FAC683 /* Release */,
			);
			defaultConfigurationIsVisible = 0;
			defaultConfigurationName = Release;
		};
		F73246622A968D3300FAC683 /* Build configuration list for PBXNativeTarget "pipTests" */ = {
			isa = XCConfigurationList;
			buildConfigurations = (
				F73246632A968D3300FAC683 /* Debug */,
				F73246642A968D3300FAC683 /* Release */,
			);
			defaultConfigurationIsVisible = 0;
			defaultConfigurationName = Release;
		};
		F73246652A968D3300FAC683 /* Build configuration list for PBXNativeTarget "pipUITests" */ = {
			isa = XCConfigurationList;
			buildConfigurations = (
				F73246662A968D3300FAC683 /* Debug */,
				F73246672A968D3300FAC683 /* Release */,
			);
			defaultConfigurationIsVisible = 0;
			defaultConfigurationName = Release;
		};
/* End XCConfigurationList section */
	};
	rootObject = F732462F2A968D3200FAC683 /* Project object */;
}
